
Microsoft Visual Studio Solution File, Format Version 12.00
Project("{FAE04EC0-301F-11D3-BF4B-00C04F79EFBC}") = "EAS", "EAS\EAS.csproj", "{5C370671-AE2C-4B86-BEC7-BE3E1268404C}"
EndProject
Project("{2150E333-8FDC-42A3-9474-1A3956D46DE8}") = "Node", "Node", "{4286746C-AAFE-4AF8-9A74-C65207C90C7A}"
EndProject
Project("{FAE04EC0-301F-11D3-BF4B-00C04F79EFBC}") = "Commons", "Commons\Commons.csproj", "{84692DB2-8E81-4E06-B8FB-B8BF9633B2F0}"
EndProject
Project("{2150E333-8FDC-42A3-9474-1A3956D46DE8}") = "Tests", "Tests", "{0FF190BC-FF2F-41CB-A3D5-C2423BD2716F}"
EndProject
Project("{FAE04EC0-301F-11D3-BF4B-00C04F79EFBC}") = "Node.NET", "Nodes\Node.NET\Node.NET.csproj", "{7C36EB99-FB95-407E-A66F-A057DC7F4161}"
EndProject
Project("{2150E333-8FDC-42A3-9474-1A3956D46DE8}") = "Services", "Services", "{688330BE-A2B7-4D60-A8DD-0F6E7B1FB83F}"
EndProject
Project("{FAE04EC0-301F-11D3-BF4B-00C04F79EFBC}") = "User", "Services\User\User.csproj", "{FBA23A33-BD20-47DB-A1C3-61FDBB2A9192}"
EndProject
Project("{FAE04EC0-301F-11D3-BF4B-00C04F79EFBC}") = "Tests.Commons", "Tests\Tests.Commons\Tests.Commons.csproj", "{C2DBA471-7AD3-4A73-A0A9-FF810626B6FA}"
EndProject
Project("{FAE04EC0-301F-11D3-BF4B-00C04F79EFBC}") = "EvaEngine", "Services\EvaEngine\EvaEngine.csproj", "{4F67B902-697E-4BBC-8461-2E892D507C47}"
EndProject
Project("{2150E333-8FDC-42A3-9474-1A3956D46DE8}") = "Utilities", "Utilities", "{88D01979-57CD-4B7A-9C13-E15853F918A4}"
EndProject
Project("{FAE04EC0-301F-11D3-BF4B-00C04F79EFBC}") = "Tests.Node.NET", "Tests\Node\Tests.Node.NET\Tests.Node.NET.csproj", "{7B78B9D9-0867-4FBC-B520-8284B1FDDD64}"
EndProject
Global
	GlobalSection(SolutionConfigurationPlatforms) = preSolution
		Debug|Any CPU = Debug|Any CPU
		Release|Any CPU = Release|Any CPU
	EndGlobalSection
	GlobalSection(ProjectConfigurationPlatforms) = postSolution
		{5C370671-AE2C-4B86-BEC7-BE3E1268404C}.Debug|Any CPU.ActiveCfg = Debug|Any CPU
		{5C370671-AE2C-4B86-BEC7-BE3E1268404C}.Debug|Any CPU.Build.0 = Debug|Any CPU
		{5C370671-AE2C-4B86-BEC7-BE3E1268404C}.Release|Any CPU.ActiveCfg = Release|Any CPU
		{5C370671-AE2C-4B86-BEC7-BE3E1268404C}.Release|Any CPU.Build.0 = Release|Any CPU
		{84692DB2-8E81-4E06-B8FB-B8BF9633B2F0}.Debug|Any CPU.ActiveCfg = Debug|Any CPU
		{84692DB2-8E81-4E06-B8FB-B8BF9633B2F0}.Debug|Any CPU.Build.0 = Debug|Any CPU
		{84692DB2-8E81-4E06-B8FB-B8BF9633B2F0}.Release|Any CPU.ActiveCfg = Release|Any CPU
		{84692DB2-8E81-4E06-B8FB-B8BF9633B2F0}.Release|Any CPU.Build.0 = Release|Any CPU
		{7C36EB99-FB95-407E-A66F-A057DC7F4161}.Debug|Any CPU.ActiveCfg = Debug|Any CPU
		{7C36EB99-FB95-407E-A66F-A057DC7F4161}.Debug|Any CPU.Build.0 = Debug|Any CPU
		{7C36EB99-FB95-407E-A66F-A057DC7F4161}.Release|Any CPU.ActiveCfg = Release|Any CPU
		{7C36EB99-FB95-407E-A66F-A057DC7F4161}.Release|Any CPU.Build.0 = Release|Any CPU
		{FBA23A33-BD20-47DB-A1C3-61FDBB2A9192}.Debug|Any CPU.ActiveCfg = Debug|Any CPU
		{FBA23A33-BD20-47DB-A1C3-61FDBB2A9192}.Debug|Any CPU.Build.0 = Debug|Any CPU
		{FBA23A33-BD20-47DB-A1C3-61FDBB2A9192}.Release|Any CPU.ActiveCfg = Release|Any CPU
		{FBA23A33-BD20-47DB-A1C3-61FDBB2A9192}.Release|Any CPU.Build.0 = Release|Any CPU
		{C2DBA471-7AD3-4A73-A0A9-FF810626B6FA}.Debug|Any CPU.ActiveCfg = Debug|Any CPU
		{C2DBA471-7AD3-4A73-A0A9-FF810626B6FA}.Debug|Any CPU.Build.0 = Debug|Any CPU
		{C2DBA471-7AD3-4A73-A0A9-FF810626B6FA}.Release|Any CPU.ActiveCfg = Release|Any CPU
		{C2DBA471-7AD3-4A73-A0A9-FF810626B6FA}.Release|Any CPU.Build.0 = Release|Any CPU
		{4F67B902-697E-4BBC-8461-2E892D507C47}.Debug|Any CPU.ActiveCfg = Debug|Any CPU
		{4F67B902-697E-4BBC-8461-2E892D507C47}.Debug|Any CPU.Build.0 = Debug|Any CPU
		{4F67B902-697E-4BBC-8461-2E892D507C47}.Release|Any CPU.ActiveCfg = Release|Any CPU
		{4F67B902-697E-4BBC-8461-2E892D507C47}.Release|Any CPU.Build.0 = Release|Any CPU
		{7B78B9D9-0867-4FBC-B520-8284B1FDDD64}.Debug|Any CPU.ActiveCfg = Debug|Any CPU
		{7B78B9D9-0867-4FBC-B520-8284B1FDDD64}.Debug|Any CPU.Build.0 = Debug|Any CPU
		{7B78B9D9-0867-4FBC-B520-8284B1FDDD64}.Release|Any CPU.ActiveCfg = Release|Any CPU
		{7B78B9D9-0867-4FBC-B520-8284B1FDDD64}.Release|Any CPU.Build.0 = Release|Any CPU
	EndGlobalSection
	GlobalSection(NestedProjects) = preSolution
		{7C36EB99-FB95-407E-A66F-A057DC7F4161} = {4286746C-AAFE-4AF8-9A74-C65207C90C7A}
		{FBA23A33-BD20-47DB-A1C3-61FDBB2A9192} = {688330BE-A2B7-4D60-A8DD-0F6E7B1FB83F}
		{4F67B902-697E-4BBC-8461-2E892D507C47} = {688330BE-A2B7-4D60-A8DD-0F6E7B1FB83F}
		{C2DBA471-7AD3-4A73-A0A9-FF810626B6FA} = {0FF190BC-FF2F-41CB-A3D5-C2423BD2716F}
		{7B78B9D9-0867-4FBC-B520-8284B1FDDD64} = {0FF190BC-FF2F-41CB-A3D5-C2423BD2716F}
	EndGlobalSection
EndGlobal
